
Microsoft Visual Studio Solution File, Format Version 12.00
# Visual Studio Version 16
VisualStudioVersion = 16.0.30804.86
MinimumVisualStudioVersion = 10.0.40219.1
Project("{9A19103F-16F7-4668-BE54-9A1E7A4F7556}") = "Filmoteka", "Filmoteka\Filmoteka.csproj", "{04753E92-DE65-43CB-9DFE-5DFF84BCFFBD}"
EndProject
Project("{FAE04EC0-301F-11D3-BF4B-00C04F79EFBC}") = "FilmotekaData", "FilmotekaData\FilmotekaData.csproj", "{BDE1938E-C3FB-4893-91F8-3537F4098B1C}"
EndProject
Global
	GlobalSection(SolutionConfigurationPlatforms) = preSolution
		Debug|Any CPU = Debug|Any CPU
		Release|Any CPU = Release|Any CPU
	EndGlobalSection
	GlobalSection(ProjectConfigurationPlatforms) = postSolution
		{04753E92-DE65-43CB-9DFE-5DFF84BCFFBD}.Debug|Any CPU.ActiveCfg = Debug|Any CPU
		{04753E92-DE65-43CB-9DFE-5DFF84BCFFBD}.Debug|Any CPU.Build.0 = Debug|Any CPU
		{04753E92-DE65-43CB-9DFE-5DFF84BCFFBD}.Release|Any CPU.ActiveCfg = Release|Any CPU
		{04753E92-DE65-43CB-9DFE-5DFF84BCFFBD}.Release|Any CPU.Build.0 = Release|Any CPU
		{BDE1938E-C3FB-4893-91F8-3537F4098B1C}.Debug|Any CPU.ActiveCfg = Debug|Any CPU
		{BDE1938E-C3FB-4893-91F8-3537F4098B1C}.Debug|Any CPU.Build.0 = Debug|Any CPU
		{BDE1938E-C3FB-4893-91F8-3537F4098B1C}.Release|Any CPU.ActiveCfg = Release|Any CPU
		{BDE1938E-C3FB-4893-91F8-3537F4098B1C}.Release|Any CPU.Build.0 = Release|Any CPU
	EndGlobalSection
	GlobalSection(SolutionProperties) = preSolution
		HideSolutionNode = FALSE
	EndGlobalSection
	GlobalSection(ExtensibilityGlobals) = postSolution
		SolutionGuid = {5632AECA-297E-44A1-8D47-465BD5BEB2B0}
	EndGlobalSection
EndGlobal
